
Microsoft Visual Studio Solution File, Format Version 12.00
# Visual Studio Version 17
VisualStudioVersion = 17.6.33829.357
MinimumVisualStudioVersion = 10.0.40219.1
Project("{9A19103F-16F7-4668-BE54-9A1E7A4F7556}") = "ConsoleApp", "ConsoleApp\ConsoleApp.csproj", "{6DFE8693-9999-4BE1-8326-E16E43124466}"
EndProject
Project("{9A19103F-16F7-4668-BE54-9A1E7A4F7556}") = "OOP", "OOP\OOP.csproj", "{C3920DB1-6A80-45A8-A1B8-F804581A0379}"
EndProject
Project("{9A19103F-16F7-4668-BE54-9A1E7A4F7556}") = "OOPDay2", "OOPDay2\OOPDay2.csproj", "{DEA25848-5226-45C0-9A74-4500487BCE09}"
EndProject
Project("{9A19103F-16F7-4668-BE54-9A1E7A4F7556}") = "FirstMVCCore", "FirstMVCCore\FirstMVCCore.csproj", "{C2F4E101-1C8D-4B46-8286-02D837F6ADEC}"
EndProject
Project("{9A19103F-16F7-4668-BE54-9A1E7A4F7556}") = "WorkOut1", "WorkOut1\WorkOut1.csproj", "{E92349F7-8EB1-424C-92A9-8B9B1F9E6952}"
EndProject
Project("{9A19103F-16F7-4668-BE54-9A1E7A4F7556}") = "JQueryAjaxPractice", "JQueryAjaxPractice\JQueryAjaxPractice.csproj", "{907FF024-25B5-4FC5-95F2-C47493FFDF56}"
EndProject
Project("{FAE04EC0-301F-11D3-BF4B-00C04F79EFBC}") = "EFCorePracticeWithMVC", "EFCorePracticeWithMVC\EFCorePracticeWithMVC.csproj", "{A09708C9-8DA7-45A2-BC89-00898A3AD494}"
EndProject
Global
	GlobalSection(SolutionConfigurationPlatforms) = preSolution
		Debug|Any CPU = Debug|Any CPU
		Release|Any CPU = Release|Any CPU
	EndGlobalSection
	GlobalSection(ProjectConfigurationPlatforms) = postSolution
		{6DFE8693-9999-4BE1-8326-E16E43124466}.Debug|Any CPU.ActiveCfg = Debug|Any CPU
		{6DFE8693-9999-4BE1-8326-E16E43124466}.Debug|Any CPU.Build.0 = Debug|Any CPU
		{6DFE8693-9999-4BE1-8326-E16E43124466}.Release|Any CPU.ActiveCfg = Release|Any CPU
		{6DFE8693-9999-4BE1-8326-E16E43124466}.Release|Any CPU.Build.0 = Release|Any CPU
		{C3920DB1-6A80-45A8-A1B8-F804581A0379}.Debug|Any CPU.ActiveCfg = Debug|Any CPU
		{C3920DB1-6A80-45A8-A1B8-F804581A0379}.Debug|Any CPU.Build.0 = Debug|Any CPU
		{C3920DB1-6A80-45A8-A1B8-F804581A0379}.Release|Any CPU.ActiveCfg = Release|Any CPU
		{C3920DB1-6A80-45A8-A1B8-F804581A0379}.Release|Any CPU.Build.0 = Release|Any CPU
		{DEA25848-5226-45C0-9A74-4500487BCE09}.Debug|Any CPU.ActiveCfg = Debug|Any CPU
		{DEA25848-5226-45C0-9A74-4500487BCE09}.Debug|Any CPU.Build.0 = Debug|Any CPU
		{DEA25848-5226-45C0-9A74-4500487BCE09}.Release|Any CPU.ActiveCfg = Release|Any CPU
		{DEA25848-5226-45C0-9A74-4500487BCE09}.Release|Any CPU.Build.0 = Release|Any CPU
		{C2F4E101-1C8D-4B46-8286-02D837F6ADEC}.Debug|Any CPU.ActiveCfg = Debug|Any CPU
		{C2F4E101-1C8D-4B46-8286-02D837F6ADEC}.Debug|Any CPU.Build.0 = Debug|Any CPU
		{C2F4E101-1C8D-4B46-8286-02D837F6ADEC}.Release|Any CPU.ActiveCfg = Release|Any CPU
		{C2F4E101-1C8D-4B46-8286-02D837F6ADEC}.Release|Any CPU.Build.0 = Release|Any CPU
		{E92349F7-8EB1-424C-92A9-8B9B1F9E6952}.Debug|Any CPU.ActiveCfg = Debug|Any CPU
		{E92349F7-8EB1-424C-92A9-8B9B1F9E6952}.Debug|Any CPU.Build.0 = Debug|Any CPU
		{E92349F7-8EB1-424C-92A9-8B9B1F9E6952}.Release|Any CPU.ActiveCfg = Release|Any CPU
		{E92349F7-8EB1-424C-92A9-8B9B1F9E6952}.Release|Any CPU.Build.0 = Release|Any CPU
		{907FF024-25B5-4FC5-95F2-C47493FFDF56}.Debug|Any CPU.ActiveCfg = Debug|Any CPU
		{907FF024-25B5-4FC5-95F2-C47493FFDF56}.Debug|Any CPU.Build.0 = Debug|Any CPU
		{907FF024-25B5-4FC5-95F2-C47493FFDF56}.Release|Any CPU.ActiveCfg = Release|Any CPU
		{907FF024-25B5-4FC5-95F2-C47493FFDF56}.Release|Any CPU.Build.0 = Release|Any CPU
		{A09708C9-8DA7-45A2-BC89-00898A3AD494}.Debug|Any CPU.ActiveCfg = Debug|Any CPU
		{A09708C9-8DA7-45A2-BC89-00898A3AD494}.Debug|Any CPU.Build.0 = Debug|Any CPU
		{A09708C9-8DA7-45A2-BC89-00898A3AD494}.Release|Any CPU.ActiveCfg = Release|Any CPU
		{A09708C9-8DA7-45A2-BC89-00898A3AD494}.Release|Any CPU.Build.0 = Release|Any CPU
	EndGlobalSection
	GlobalSection(SolutionProperties) = preSolution
		HideSolutionNode = FALSE
	EndGlobalSection
	GlobalSection(ExtensibilityGlobals) = postSolution
		SolutionGuid = {18063438-F846-4BAD-AF71-59B8D058426C}
	EndGlobalSection
EndGlobal
