
Microsoft Visual Studio Solution File, Format Version 12.00
# Visual Studio Version 17
VisualStudioVersion = 17.6.33829.357
MinimumVisualStudioVersion = 10.0.40219.1
Project("{FAE04EC0-301F-11D3-BF4B-00C04F79EFBC}") = "ConsoleApp", "ConsoleApp\ConsoleApp.csproj", "{6DFE8693-9999-4BE1-8326-E16E43124466}"
EndProject
Global
	GlobalSection(SolutionConfigurationPlatforms) = preSolution
		Debug|Any CPU = Debug|Any CPU
		Release|Any CPU = Release|Any CPU
	EndGlobalSection
	GlobalSection(ProjectConfigurationPlatforms) = postSolution
		{6DFE8693-9999-4BE1-8326-E16E43124466}.Debug|Any CPU.ActiveCfg = Debug|Any CPU
		{6DFE8693-9999-4BE1-8326-E16E43124466}.Debug|Any CPU.Build.0 = Debug|Any CPU
		{6DFE8693-9999-4BE1-8326-E16E43124466}.Release|Any CPU.ActiveCfg = Release|Any CPU
		{6DFE8693-9999-4BE1-8326-E16E43124466}.Release|Any CPU.Build.0 = Release|Any CPU
	EndGlobalSection
	GlobalSection(SolutionProperties) = preSolution
		HideSolutionNode = FALSE
	EndGlobalSection
	GlobalSection(ExtensibilityGlobals) = postSolution
		SolutionGuid = {18063438-F846-4BAD-AF71-59B8D058426C}
	EndGlobalSection
EndGlobal
